
Microsoft Visual Studio Solution File, Format Version 12.00
# Visual Studio Version 16
VisualStudioVersion = 16.0.30907.101
MinimumVisualStudioVersion = 10.0.40219.1
Project("{FAE04EC0-301F-11D3-BF4B-00C04F79EFBC}") = "SingalR-v1", "SingalR-v1\SingalR-v1.csproj", "{B62B3466-E5F0-4C3C-9BA2-812BBD06A23A}"
EndProject
Global
	GlobalSection(SolutionConfigurationPlatforms) = preSolution
		Debug|Any CPU = Debug|Any CPU
		Release|Any CPU = Release|Any CPU
	EndGlobalSection
	GlobalSection(ProjectConfigurationPlatforms) = postSolution
		{B62B3466-E5F0-4C3C-9BA2-812BBD06A23A}.Debug|Any CPU.ActiveCfg = Debug|Any CPU
		{B62B3466-E5F0-4C3C-9BA2-812BBD06A23A}.Debug|Any CPU.Build.0 = Debug|Any CPU
		{B62B3466-E5F0-4C3C-9BA2-812BBD06A23A}.Release|Any CPU.ActiveCfg = Release|Any CPU
		{B62B3466-E5F0-4C3C-9BA2-812BBD06A23A}.Release|Any CPU.Build.0 = Release|Any CPU
	EndGlobalSection
	GlobalSection(SolutionProperties) = preSolution
		HideSolutionNode = FALSE
	EndGlobalSection
	GlobalSection(ExtensibilityGlobals) = postSolution
		SolutionGuid = {921BB848-507E-47D0-82A2-D42D7916ACDE}
	EndGlobalSection
EndGlobal
